// !$*UTF8*$!
{
	archiveVersion = 1;
	classes = {
	};
	objectVersion = 55;
	objects = {

/* Begin PBXBuildFile section */
		CF0CB26A27DBA149008AD0EF /* User.swift in Sources */ = {isa = PBXBuildFile; fileRef = CF0CB26927DBA149008AD0EF /* User.swift */; };
		CF0CB26C27DBE0EC008AD0EF /* BioViewController.swift in Sources */ = {isa = PBXBuildFile; fileRef = CF0CB26B27DBE0EC008AD0EF /* BioViewController.swift */; };
		CFC8B4A927D7730200E3C8EE /* AppDelegate.swift in Sources */ = {isa = PBXBuildFile; fileRef = CFC8B4A827D7730200E3C8EE /* AppDelegate.swift */; };
		CFC8B4AB27D7730200E3C8EE /* SceneDelegate.swift in Sources */ = {isa = PBXBuildFile; fileRef = CFC8B4AA27D7730200E3C8EE /* SceneDelegate.swift */; };
		CFC8B4AD27D7730200E3C8EE /* LoginViewController.swift in Sources */ = {isa = PBXBuildFile; fileRef = CFC8B4AC27D7730200E3C8EE /* LoginViewController.swift */; };
		CFC8B4B027D7730200E3C8EE /* Main.storyboard in Resources */ = {isa = PBXBuildFile; fileRef = CFC8B4AE27D7730200E3C8EE /* Main.storyboard */; };
		CFC8B4B227D7730200E3C8EE /* Assets.xcassets in Resources */ = {isa = PBXBuildFile; fileRef = CFC8B4B127D7730200E3C8EE /* Assets.xcassets */; };
		CFC8B4B527D7730200E3C8EE /* LaunchScreen.storyboard in Resources */ = {isa = PBXBuildFile; fileRef = CFC8B4B327D7730200E3C8EE /* LaunchScreen.storyboard */; };
		CFC8B4BD27D7873800E3C8EE /* WelcomeViewController.swift in Sources */ = {isa = PBXBuildFile; fileRef = CFC8B4BC27D7873800E3C8EE /* WelcomeViewController.swift */; };
/* End PBXBuildFile section */

/* Begin PBXFileReference section */
		CF0CB26927DBA149008AD0EF /* User.swift */ = {isa = PBXFileReference; lastKnownFileType = sourcecode.swift; path = User.swift; sourceTree = "<group>"; };
		CF0CB26B27DBE0EC008AD0EF /* BioViewController.swift */ = {isa = PBXFileReference; lastKnownFileType = sourcecode.swift; path = BioViewController.swift; sourceTree = "<group>"; };
		CFC8B4A527D7730200E3C8EE /* LoginApp.app */ = {isa = PBXFileReference; explicitFileType = wrapper.application; includeInIndex = 0; path = LoginApp.app; sourceTree = BUILT_PRODUCTS_DIR; };
		CFC8B4A827D7730200E3C8EE /* AppDelegate.swift */ = {isa = PBXFileReference; lastKnownFileType = sourcecode.swift; path = AppDelegate.swift; sourceTree = "<group>"; };
		CFC8B4AA27D7730200E3C8EE /* SceneDelegate.swift */ = {isa = PBXFileReference; lastKnownFileType = sourcecode.swift; path = SceneDelegate.swift; sourceTree = "<group>"; };
		CFC8B4AC27D7730200E3C8EE /* LoginViewController.swift */ = {isa = PBXFileReference; lastKnownFileType = sourcecode.swift; path = LoginViewController.swift; sourceTree = "<group>"; };
		CFC8B4AF27D7730200E3C8EE /* Base */ = {isa = PBXFileReference; lastKnownFileType = file.storyboard; name = Base; path = Base.lproj/Main.storyboard; sourceTree = "<group>"; };
		CFC8B4B127D7730200E3C8EE /* Assets.xcassets */ = {isa = PBXFileReference; lastKnownFileType = folder.assetcatalog; path = Assets.xcassets; sourceTree = "<group>"; };
		CFC8B4B427D7730200E3C8EE /* Base */ = {isa = PBXFileReference; lastKnownFileType = file.storyboard; name = Base; path = Base.lproj/LaunchScreen.storyboard; sourceTree = "<group>"; };
		CFC8B4B627D7730200E3C8EE /* Info.plist */ = {isa = PBXFileReference; lastKnownFileType = text.plist.xml; path = Info.plist; sourceTree = "<group>"; };
		CFC8B4BC27D7873800E3C8EE /* WelcomeViewController.swift */ = {isa = PBXFileReference; lastKnownFileType = sourcecode.swift; path = WelcomeViewController.swift; sourceTree = "<group>"; };
/* End PBXFileReference section */

/* Begin PBXFrameworksBuildPhase section */
		CFC8B4A227D7730200E3C8EE /* Frameworks */ = {
			isa = PBXFrameworksBuildPhase;
			buildActionMask = 2147483647;
			files = (
			);
			runOnlyForDeploymentPostprocessing = 0;
		};
/* End PBXFrameworksBuildPhase section */

/* Begin PBXGroup section */
		CF0CB26427DB9DD9008AD0EF /* App */ = {
			isa = PBXGroup;
			children = (
				CFC8B4A827D7730200E3C8EE /* AppDelegate.swift */,
				CFC8B4AA27D7730200E3C8EE /* SceneDelegate.swift */,
				CFC8B4B627D7730200E3C8EE /* Info.plist */,
			);
			path = App;
			sourceTree = "<group>";
		};
		CF0CB26527DB9DEF008AD0EF /* ViewControllers */ = {
			isa = PBXGroup;
			children = (
				CFC8B4AC27D7730200E3C8EE /* LoginViewController.swift */,
				CFC8B4BC27D7873800E3C8EE /* WelcomeViewController.swift */,
				CF0CB26B27DBE0EC008AD0EF /* BioViewController.swift */,
			);
			path = ViewControllers;
			sourceTree = "<group>";
		};
		CF0CB26627DB9E28008AD0EF /* Resources */ = {
			isa = PBXGroup;
			children = (
				CFC8B4B127D7730200E3C8EE /* Assets.xcassets */,
			);
			path = Resources;
			sourceTree = "<group>";
		};
		CF0CB26727DB9E37008AD0EF /* Storyboards */ = {
			isa = PBXGroup;
			children = (
				CFC8B4AE27D7730200E3C8EE /* Main.storyboard */,
				CFC8B4B327D7730200E3C8EE /* LaunchScreen.storyboard */,
			);
			path = Storyboards;
			sourceTree = "<group>";
		};
		CF0CB26827DB9E81008AD0EF /* Models */ = {
			isa = PBXGroup;
			children = (
				CF0CB26927DBA149008AD0EF /* User.swift */,
			);
			path = Models;
			sourceTree = "<group>";
		};
		CFC8B49C27D7730200E3C8EE = {
			isa = PBXGroup;
			children = (
				CFC8B4A727D7730200E3C8EE /* LoginApp */,
				CFC8B4A627D7730200E3C8EE /* Products */,
			);
			sourceTree = "<group>";
		};
		CFC8B4A627D7730200E3C8EE /* Products */ = {
			isa = PBXGroup;
			children = (
				CFC8B4A527D7730200E3C8EE /* LoginApp.app */,
			);
			name = Products;
			sourceTree = "<group>";
		};
		CFC8B4A727D7730200E3C8EE /* LoginApp */ = {
			isa = PBXGroup;
			children = (
				CF0CB26527DB9DEF008AD0EF /* ViewControllers */,
				CF0CB26827DB9E81008AD0EF /* Models */,
				CF0CB26727DB9E37008AD0EF /* Storyboards */,
				CF0CB26627DB9E28008AD0EF /* Resources */,
				CF0CB26427DB9DD9008AD0EF /* App */,
			);
			path = LoginApp;
			sourceTree = "<group>";
		};
/* End PBXGroup section */

/* Begin PBXNativeTarget section */
		CFC8B4A427D7730200E3C8EE /* LoginApp */ = {
			isa = PBXNativeTarget;
			buildConfigurationList = CFC8B4B927D7730200E3C8EE /* Build configuration list for PBXNativeTarget "LoginApp" */;
			buildPhases = (
				CFC8B4A127D7730200E3C8EE /* Sources */,
				CFC8B4A227D7730200E3C8EE /* Frameworks */,
				CFC8B4A327D7730200E3C8EE /* Resources */,
			);
			buildRules = (
			);
			dependencies = (
			);
			name = LoginApp;
			productName = LoginApp;
			productReference = CFC8B4A527D7730200E3C8EE /* LoginApp.app */;
			productType = "com.apple.product-type.application";
		};
/* End PBXNativeTarget section */

/* Begin PBXProject section */
		CFC8B49D27D7730200E3C8EE /* Project object */ = {
			isa = PBXProject;
			attributes = {
				BuildIndependentTargetsInParallel = 1;
				LastSwiftUpdateCheck = 1320;
				LastUpgradeCheck = 1320;
				TargetAttributes = {
					CFC8B4A427D7730200E3C8EE = {
						CreatedOnToolsVersion = 13.2.1;
					};
				};
			};
			buildConfigurationList = CFC8B4A027D7730200E3C8EE /* Build configuration list for PBXProject "LoginApp" */;
			compatibilityVersion = "Xcode 13.0";
			developmentRegion = en;
			hasScannedForEncodings = 0;
			knownRegions = (
				en,
				Base,
			);
			mainGroup = CFC8B49C27D7730200E3C8EE;
			productRefGroup = CFC8B4A627D7730200E3C8EE /* Products */;
			projectDirPath = "";
			projectRoot = "";
			targets = (
				CFC8B4A427D7730200E3C8EE /* LoginApp */,
			);
		};
/* End PBXProject section */

/* Begin PBXResourcesBuildPhase section */
		CFC8B4A327D7730200E3C8EE /* Resources */ = {
			isa = PBXResourcesBuildPhase;
			buildActionMask = 2147483647;
			files = (
				CFC8B4B527D7730200E3C8EE /* LaunchScreen.storyboard in Resources */,
				CFC8B4B227D7730200E3C8EE /* Assets.xcassets in Resources */,
				CFC8B4B027D7730200E3C8EE /* Main.storyboard in Resources */,
			);
			runOnlyForDeploymentPostprocessing = 0;
		};
/* End PBXResourcesBuildPhase section */

/* Begin PBXSourcesBuildPhase section */
		CFC8B4A127D7730200E3C8EE /* Sources */ = {
			isa = PBXSourcesBuildPhase;
			buildActionMask = 2147483647;
			files = (
				CFC8B4AD27D7730200E3C8EE /* LoginViewController.swift in Sources */,
				CFC8B4BD27D7873800E3C8EE /* WelcomeViewController.swift in Sources */,
				CFC8B4A927D7730200E3C8EE /* AppDelegate.swift in Sources */,
				CF0CB26A27DBA149008AD0EF /* User.swift in Sources */,
				CFC8B4AB27D7730200E3C8EE /* SceneDelegate.swift in Sources */,
				CF0CB26C27DBE0EC008AD0EF /* BioViewController.swift in Sources */,
			);
			runOnlyForDeploymentPostprocessing = 0;
		};
/* End PBXSourcesBuildPhase section */

/* Begin PBXVariantGroup section */
		CFC8B4AE27D7730200E3C8EE /* Main.storyboard */ = {
			isa = PBXVariantGroup;
			children = (
				CFC8B4AF27D7730200E3C8EE /* Base */,
			);
			name = Main.storyboard;
			sourceTree = "<group>";
		};
		CFC8B4B327D7730200E3C8EE /* LaunchScreen.storyboard */ = {
			isa = PBXVariantGroup;
			children = (
				CFC8B4B427D7730200E3C8EE /* Base */,
			);
			name = LaunchScreen.storyboard;
			sourceTree = "<group>";
		};
/* End PBXVariantGroup section */

/* Begin XCBuildConfiguration section */
		CFC8B4B727D7730200E3C8EE /* Debug */ = {
			isa = XCBuildConfiguration;
			buildSettings = {
				ALWAYS_SEARCH_USER_PATHS = NO;
				CLANG_ANALYZER_NONNULL = YES;
				CLANG_ANALYZER_NUMBER_OBJECT_CONVERSION = YES_AGGRESSIVE;
				CLANG_CXX_LANGUAGE_STANDARD = "gnu++17";
				CLANG_CXX_LIBRARY = "libc++";
				CLANG_ENABLE_MODULES = YES;
				CLANG_ENABLE_OBJC_ARC = YES;
				CLANG_ENABLE_OBJC_WEAK = YES;
				CLANG_WARN_BLOCK_CAPTURE_AUTORELEASING = YES;
				CLANG_WARN_BOOL_CONVERSION = YES;
				CLANG_WARN_COMMA = YES;
				CLANG_WARN_CONSTANT_CONVERSION = YES;
				CLANG_WARN_DEPRECATED_OBJC_IMPLEMENTATIONS = YES;
				CLANG_WARN_DIRECT_OBJC_ISA_USAGE = YES_ERROR;
				CLANG_WARN_DOCUMENTATION_COMMENTS = YES;
				CLANG_WARN_EMPTY_BODY = YES;
				CLANG_WARN_ENUM_CONVERSION = YES;
				CLANG_WARN_INFINITE_RECURSION = YES;
				CLANG_WARN_INT_CONVERSION = YES;
				CLANG_WARN_NON_LITERAL_NULL_CONVERSION = YES;
				CLANG_WARN_OBJC_IMPLICIT_RETAIN_SELF = YES;
				CLANG_WARN_OBJC_LITERAL_CONVERSION = YES;
				CLANG_WARN_OBJC_ROOT_CLASS = YES_ERROR;
				CLANG_WARN_QUOTED_INCLUDE_IN_FRAMEWORK_HEADER = YES;
				CLANG_WARN_RANGE_LOOP_ANALYSIS = YES;
				CLANG_WARN_STRICT_PROTOTYPES = YES;
				CLANG_WARN_SUSPICIOUS_MOVE = YES;
				CLANG_WARN_UNGUARDED_AVAILABILITY = YES_AGGRESSIVE;
				CLANG_WARN_UNREACHABLE_CODE = YES;
				CLANG_WARN__DUPLICATE_METHOD_MATCH = YES;
				COPY_PHASE_STRIP = NO;
				DEBUG_INFORMATION_FORMAT = dwarf;
				ENABLE_STRICT_OBJC_MSGSEND = YES;
				ENABLE_TESTABILITY = YES;
				GCC_C_LANGUAGE_STANDARD = gnu11;
				GCC_DYNAMIC_NO_PIC = NO;
				GCC_NO_COMMON_BLOCKS = YES;
				GCC_OPTIMIZATION_LEVEL = 0;
				GCC_PREPROCESSOR_DEFINITIONS = (
					"DEBUG=1",
					"$(inherited)",
				);
				GCC_WARN_64_TO_32_BIT_CONVERSION = YES;
				GCC_WARN_ABOUT_RETURN_TYPE = YES_ERROR;
				GCC_WARN_UNDECLARED_SELECTOR = YES;
				GCC_WARN_UNINITIALIZED_AUTOS = YES_AGGRESSIVE;
				GCC_WARN_UNUSED_FUNCTION = YES;
				GCC_WARN_UNUSED_VARIABLE = YES;
				IPHONEOS_DEPLOYMENT_TARGET = 15.2;
				MTL_ENABLE_DEBUG_INFO = INCLUDE_SOURCE;
				MTL_FAST_MATH = YES;
				ONLY_ACTIVE_ARCH = YES;
				SDKROOT = iphoneos;
				SWIFT_ACTIVE_COMPILATION_CONDITIONS = DEBUG;
				SWIFT_OPTIMIZATION_LEVEL = "-Onone";
			};
			name = Debug;
		};
		CFC8B4B827D7730200E3C8EE /* Release */ = {
			isa = XCBuildConfiguration;
			buildSettings = {
				ALWAYS_SEARCH_USER_PATHS = NO;
				CLANG_ANALYZER_NONNULL = YES;
				CLANG_ANALYZER_NUMBER_OBJECT_CONVERSION = YES_AGGRESSIVE;
				CLANG_CXX_LANGUAGE_STANDARD = "gnu++17";
				CLANG_CXX_LIBRARY = "libc++";
				CLANG_ENABLE_MODULES = YES;
				CLANG_ENABLE_OBJC_ARC = YES;
				CLANG_ENABLE_OBJC_WEAK = YES;
				CLANG_WARN_BLOCK_CAPTURE_AUTORELEASING = YES;
				CLANG_WARN_BOOL_CONVERSION = YES;
				CLANG_WARN_COMMA = YES;
				CLANG_WARN_CONSTANT_CONVERSION = YES;
				CLANG_WARN_DEPRECATED_OBJC_IMPLEMENTATIONS = YES;
				CLANG_WARN_DIRECT_OBJC_ISA_USAGE = YES_ERROR;
				CLANG_WARN_DOCUMENTATION_COMMENTS = YES;
				CLANG_WARN_EMPTY_BODY = YES;
				CLANG_WARN_ENUM_CONVERSION = YES;
				CLANG_WARN_INFINITE_RECURSION = YES;
				CLANG_WARN_INT_CONVERSION = YES;
				CLANG_WARN_NON_LITERAL_NULL_CONVERSION = YES;
				CLANG_WARN_OBJC_IMPLICIT_RETAIN_SELF = YES;
				CLANG_WARN_OBJC_LITERAL_CONVERSION = YES;
				CLANG_WARN_OBJC_ROOT_CLASS = YES_ERROR;
				CLANG_WARN_QUOTED_INCLUDE_IN_FRAMEWORK_HEADER = YES;
				CLANG_WARN_RANGE_LOOP_ANALYSIS = YES;
				CLANG_WARN_STRICT_PROTOTYPES = YES;
				CLANG_WARN_SUSPICIOUS_MOVE = YES;
				CLANG_WARN_UNGUARDED_AVAILABILITY = YES_AGGRESSIVE;
				CLANG_WARN_UNREACHABLE_CODE = YES;
				CLANG_WARN__DUPLICATE_METHOD_MATCH = YES;
				COPY_PHASE_STRIP = NO;
				DEBUG_INFORMATION_FORMAT = "dwarf-with-dsym";
				ENABLE_NS_ASSERTIONS = NO;
				ENABLE_STRICT_OBJC_MSGSEND = YES;
				GCC_C_LANGUAGE_STANDARD = gnu11;
				GCC_NO_COMMON_BLOCKS = YES;
				GCC_WARN_64_TO_32_BIT_CONVERSION = YES;
				GCC_WARN_ABOUT_RETURN_TYPE = YES_ERROR;
				GCC_WARN_UNDECLARED_SELECTOR = YES;
				GCC_WARN_UNINITIALIZED_AUTOS = YES_AGGRESSIVE;
				GCC_WARN_UNUSED_FUNCTION = YES;
				GCC_WARN_UNUSED_VARIABLE = YES;
				IPHONEOS_DEPLOYMENT_TARGET = 15.2;
				MTL_ENABLE_DEBUG_INFO = NO;
				MTL_FAST_MATH = YES;
				SDKROOT = iphoneos;
				SWIFT_COMPILATION_MODE = wholemodule;
				SWIFT_OPTIMIZATION_LEVEL = "-O";
				VALIDATE_PRODUCT = YES;
			};
			name = Release;
		};
		CFC8B4BA27D7730200E3C8EE /* Debug */ = {
			isa = XCBuildConfiguration;
			buildSettings = {
				ASSETCATALOG_COMPILER_APPICON_NAME = AppIcon;
				ASSETCATALOG_COMPILER_GLOBAL_ACCENT_COLOR_NAME = AccentColor;
				CODE_SIGN_STYLE = Automatic;
				CURRENT_PROJECT_VERSION = 1;
				DEVELOPMENT_TEAM = L7KZPDRX49;
				GENERATE_INFOPLIST_FILE = YES;
				INFOPLIST_FILE = LoginApp/App/Info.plist;
				INFOPLIST_KEY_UIApplicationSupportsIndirectInputEvents = YES;
				INFOPLIST_KEY_UILaunchStoryboardName = LaunchScreen;
				INFOPLIST_KEY_UIMainStoryboardFile = Main;
				INFOPLIST_KEY_UISupportedInterfaceOrientations = UIInterfaceOrientationPortrait;
				INFOPLIST_KEY_UISupportedInterfaceOrientations_iPad = "UIInterfaceOrientationPortrait UIInterfaceOrientationPortraitUpsideDown UIInterfaceOrientationLandscapeLeft UIInterfaceOrientationLandscapeRight";
				INFOPLIST_KEY_UISupportedInterfaceOrientations_iPhone = "UIInterfaceOrientationPortrait UIInterfaceOrientationLandscapeLeft UIInterfaceOrientationLandscapeRight";
				LD_RUNPATH_SEARCH_PATHS = (
					"$(inherited)",
					"@executable_path/Frameworks",
				);
				MARKETING_VERSION = 1.0;
				PRODUCT_BUNDLE_IDENTIFIER = pmatar.LoginApp;
				PRODUCT_NAME = "$(TARGET_NAME)";
				SWIFT_EMIT_LOC_STRINGS = YES;
				SWIFT_VERSION = 5.0;
				TARGETED_DEVICE_FAMILY = 1;
			};
			name = Debug;
		};
		CFC8B4BB27D7730200E3C8EE /* Release */ = {
			isa = XCBuildConfiguration;
			buildSettings = {
				ASSETCATALOG_COMPILER_APPICON_NAME = AppIcon;
				ASSETCATALOG_COMPILER_GLOBAL_ACCENT_COLOR_NAME = AccentColor;
				CODE_SIGN_STYLE = Automatic;
				CURRENT_PROJECT_VERSION = 1;
				DEVELOPMENT_TEAM = L7KZPDRX49;
				GENERATE_INFOPLIST_FILE = YES;
				INFOPLIST_FILE = LoginApp/App/Info.plist;
				INFOPLIST_KEY_UIApplicationSupportsIndirectInputEvents = YES;
				INFOPLIST_KEY_UILaunchStoryboardName = LaunchScreen;
				INFOPLIST_KEY_UIMainStoryboardFile = Main;
				INFOPLIST_KEY_UISupportedInterfaceOrientations = UIInterfaceOrientationPortrait;
				INFOPLIST_KEY_UISupportedInterfaceOrientations_iPad = "UIInterfaceOrientationPortrait UIInterfaceOrientationPortraitUpsideDown UIInterfaceOrientationLandscapeLeft UIInterfaceOrientationLandscapeRight";
				INFOPLIST_KEY_UISupportedInterfaceOrientations_iPhone = "UIInterfaceOrientationPortrait UIInterfaceOrientationLandscapeLeft UIInterfaceOrientationLandscapeRight";
				LD_RUNPATH_SEARCH_PATHS = (
					"$(inherited)",
					"@executable_path/Frameworks",
				);
				MARKETING_VERSION = 1.0;
				PRODUCT_BUNDLE_IDENTIFIER = pmatar.LoginApp;
				PRODUCT_NAME = "$(TARGET_NAME)";
				SWIFT_EMIT_LOC_STRINGS = YES;
				SWIFT_VERSION = 5.0;
				TARGETED_DEVICE_FAMILY = 1;
			};
			name = Release;
		};
/* End XCBuildConfiguration section */

/* Begin XCConfigurationList section */
		CFC8B4A027D7730200E3C8EE /* Build configuration list for PBXProject "LoginApp" */ = {
			isa = XCConfigurationList;
			buildConfigurations = (
				CFC8B4B727D7730200E3C8EE /* Debug */,
				CFC8B4B827D7730200E3C8EE /* Release */,
			);
			defaultConfigurationIsVisible = 0;
			defaultConfigurationName = Release;
		};
		CFC8B4B927D7730200E3C8EE /* Build configuration list for PBXNativeTarget "LoginApp" */ = {
			isa = XCConfigurationList;
			buildConfigurations = (
				CFC8B4BA27D7730200E3C8EE /* Debug */,
				CFC8B4BB27D7730200E3C8EE /* Release */,
			);
			defaultConfigurationIsVisible = 0;
			defaultConfigurationName = Release;
		};
/* End XCConfigurationList section */
	};
	rootObject = CFC8B49D27D7730200E3C8EE /* Project object */;
}
